<?xml version="1.0" encoding="utf-8"?>
<Project ToolsVersion="4.0" xmlns="http://schemas.microsoft.com/developer/msbuild/2003">
  <ItemGroup>
    <ClCompile Include="Source\Application.cpp" />
    <ClCompile Include="Source\Blueprints.cpp" />
    <ClCompile Include="Source\BossAI.cpp" />
    <ClCompile Include="Source\BossDropGoat.cpp" />
    <ClCompile Include="Source\BossFlank.cpp" />
    <ClCompile Include="Source\BossGSmash.cpp" />
    <ClCompile Include="Source\BossScene.cpp" />
    <ClCompile Include="Source\BossShootProj.cpp" />
    <ClCompile Include="Source\Camera.cpp" />
    <ClCompile Include="Source\Camera2.cpp" />
    <ClCompile Include="Source\Camera3.cpp" />
    <ClCompile Include="Source\CameraMG.cpp" />
    <ClCompile Include="Source\DataBase.cpp" />
    <ClCompile Include="Source\Environment.cpp" />
    <ClCompile Include="Source\FPSCam.cpp" />
    <ClCompile Include="Source\GoatMinion.cpp" />
    <ClCompile Include="Source\InsideBarrackScene.cpp" />
    <ClCompile Include="Source\Inventory.cpp" />
    <ClCompile Include="Source\LoadOBJ.cpp" />
    <ClCompile Include="Source\LoadTextData.cpp" />
    <ClCompile Include="Source\LoadTGA.cpp" />
    <ClCompile Include="Source\MGPlayer.cpp" />
    <ClCompile Include="Source\MiniGame.cpp" />
    <ClCompile Include="Source\NPC_Doc.cpp" />
    <ClCompile Include="Source\Player.cpp" />
    <ClCompile Include="Source\RangeWeapon.cpp" />
    <ClCompile Include="Source\main.cpp" />
    <ClCompile Include="Source\MainScene.cpp" />
    <ClCompile Include="Source\Mesh.cpp" />
    <ClCompile Include="Source\MeshBuilder.cpp" />
    <ClCompile Include="Source\LoadATOM.cpp" />
    <ClCompile Include="Source\RenderMesh.cpp" />
    <ClCompile Include="Source\shader.cpp" />
    <ClCompile Include="Source\UI.cpp" />
    <ClCompile Include="Source\UndergroundScene.cpp" />
    <ClCompile Include="Source\Utility.cpp" />
    <ClCompile Include="Source\WorldScene.cpp" />
    <ClCompile Include="Source\LoadingScreen.cpp" />
    <ClCompile Include="Source\MainMenu.cpp" />
    <ClCompile Include="Source\MinionAI.cpp" />
    <ClCompile Include="Source\SandStorm.cpp" />
    <ClCompile Include="Source\SplashScreen.cpp" />
  </ItemGroup>
  <ItemGroup>
    <ClInclude Include="Source\AllyNPC.h" />
    <ClInclude Include="Source\Application.h" />
    <ClInclude Include="Source\Blueprints.h" />
    <ClInclude Include="Source\BossAI.h" />
    <ClInclude Include="Source\BossAttackStyles.h" />
    <ClInclude Include="Source\BossDropGoat.h" />
    <ClInclude Include="Source\BossFlank.h" />
    <ClInclude Include="Source\BossGSmash.h" />
    <ClInclude Include="Source\BossScene.h" />
    <ClInclude Include="Source\Bullets.h" />
    <ClInclude Include="Source\Camera.h" />
    <ClInclude Include="Source\Camera2.h" />
    <ClInclude Include="Source\Camera3.h" />
    <ClInclude Include="Source\CameraMG.h" />
    <ClInclude Include="Source\DataBase.h" />
    <ClInclude Include="Source\DetectMemoryLeak.h" />
    <ClInclude Include="Source\Distance.h" />
    <ClInclude Include="Source\EnemyAI.h" />
    <ClInclude Include="Source\Environment.h" />
    <ClInclude Include="Source\FPSCam.h" />
    <ClInclude Include="Source\GameObject.h" />
    <ClInclude Include="Source\GoatMinion.h" />
    <ClInclude Include="Source\InsideBarrackScene.h" />
    <ClInclude Include="Source\Inventory.h" />
    <ClInclude Include="Source\Item.h" />
    <ClInclude Include="Source\Light.h" />
    <ClInclude Include="Source\LoadOBJ.h" />
    <ClInclude Include="Source\LoadTextData.h" />
    <ClInclude Include="Source\LoadTGA.h" />
    <ClInclude Include="Source\MeleeWeapon.h" />
    <ClInclude Include="Source\MGPlayer.h" />
    <ClInclude Include="Source\MiniGame.h" />
    <ClInclude Include="Source\NPC.h" />
    <ClInclude Include="Source\NPC_Doc.h" />
    <ClInclude Include="Source\Player.h" />
    <ClInclude Include="Source\Potions.h" />
    <ClInclude Include="Source\Projectile.h" />
    <ClInclude Include="Source\RangeWeapon.h" />
    <ClInclude Include="Source\MainScene.h" />
    <ClInclude Include="Source\Material.h" />
    <ClInclude Include="Source\Mesh.h" />
    <ClInclude Include="Source\MeshBuilder.h" />
    <ClInclude Include="Source\LoadATOM.h" />
    <ClInclude Include="Source\RenderMesh.h" />
    <ClInclude Include="Source\Scene.h" />
    <ClInclude Include="Source\SceneManager.h" />
    <ClInclude Include="Source\shader.hpp" />
    <ClInclude Include="Source\BossShootProj.h" />
    <ClInclude Include="Source\Teleporter.h" />
    <ClInclude Include="Source\UI.h" />
    <ClInclude Include="Source\UndergroundScene.h" />
    <ClInclude Include="Source\Usables.h" />
    <ClInclude Include="Source\Utility.h" />
    <ClInclude Include="Source\Vertex.h" />
    <ClInclude Include="Source\Weapon.h" />
    <ClInclude Include="Source\WorldScene.h" />
    <ClInclude Include="Source\LoadingScreen.h" />
    <ClInclude Include="Source\MainMenu.h" />
    <ClInclude Include="Source\MinionAI.h" />
    <ClInclude Include="Source\SandStorm.h" />
    <ClInclude Include="Source\SplashScreen.h" />
  </ItemGroup>
</Project>