
Microsoft Visual Studio Solution File, Format Version 12.00
# Visual Studio 2013
VisualStudioVersion = 12.0.40629.0
MinimumVisualStudioVersion = 10.0.40219.1
Project("{8BC9CEB8-8B4A-11D0-8D11-00A0C91BC942}") = "Application", "Application\Application.vcxproj", "{B0495C3A-8B8C-4724-835B-0790AF25908D}"
	ProjectSection(ProjectDependencies) = postProject
		{7913A455-6814-4ED0-9474-E434B17489D5} = {7913A455-6814-4ED0-9474-E434B17489D5}
	EndProjectSection
EndProject
Project("{8BC9CEB8-8B4A-11D0-8D11-00A0C91BC942}") = "Common", "Common\Common.vcxproj", "{7913A455-6814-4ED0-9474-E434B17489D5}"
EndProject
Global
	GlobalSection(SolutionConfigurationPlatforms) = preSolution
		Debug|Win32 = Debug|Win32
		Release|Win32 = Release|Win32
	EndGlobalSection
	GlobalSection(ProjectConfigurationPlatforms) = postSolution
		{B0495C3A-8B8C-4724-835B-0790AF25908D}.Debug|Win32.ActiveCfg = Debug|Win32
		{B0495C3A-8B8C-4724-835B-0790AF25908D}.Debug|Win32.Build.0 = Debug|Win32
		{B0495C3A-8B8C-4724-835B-0790AF25908D}.Release|Win32.ActiveCfg = Release|Win32
		{B0495C3A-8B8C-4724-835B-0790AF25908D}.Release|Win32.Build.0 = Release|Win32
		{7913A455-6814-4ED0-9474-E434B17489D5}.Debug|Win32.ActiveCfg = Debug|Win32
		{7913A455-6814-4ED0-9474-E434B17489D5}.Debug|Win32.Build.0 = Debug|Win32
		{7913A455-6814-4ED0-9474-E434B17489D5}.Release|Win32.ActiveCfg = Release|Win32
		{7913A455-6814-4ED0-9474-E434B17489D5}.Release|Win32.Build.0 = Release|Win32
	EndGlobalSection
	GlobalSection(SolutionProperties) = preSolution
		HideSolutionNode = FALSE
	EndGlobalSection
EndGlobal
